
Microsoft Visual Studio Solution File, Format Version 12.00
# Visual Studio 15
VisualStudioVersion = 15.0.28010.2036
MinimumVisualStudioVersion = 10.0.40219.1
Project("{FAE04EC0-301F-11D3-BF4B-00C04F79EFBC}") = "TippingService", "src\TippingService\TippingService.csproj", "{1BAFE5FC-B71C-45D8-A1C1-985ED26A6C76}"
EndProject
Project("{2150E333-8FDC-42A3-9474-1A3956D46DE8}") = "src", "src", "{3B26AFD5-886B-4A9A-9D1E-E554642D8E90}"
EndProject
Global
	GlobalSection(SolutionConfigurationPlatforms) = preSolution
		Debug|Any CPU = Debug|Any CPU
		Release|Any CPU = Release|Any CPU
	EndGlobalSection
	GlobalSection(ProjectConfigurationPlatforms) = postSolution
		{1BAFE5FC-B71C-45D8-A1C1-985ED26A6C76}.Debug|Any CPU.ActiveCfg = Debug|Any CPU
		{1BAFE5FC-B71C-45D8-A1C1-985ED26A6C76}.Debug|Any CPU.Build.0 = Debug|Any CPU
		{1BAFE5FC-B71C-45D8-A1C1-985ED26A6C76}.Release|Any CPU.ActiveCfg = Release|Any CPU
		{1BAFE5FC-B71C-45D8-A1C1-985ED26A6C76}.Release|Any CPU.Build.0 = Release|Any CPU
	EndGlobalSection
	GlobalSection(SolutionProperties) = preSolution
		HideSolutionNode = FALSE
	EndGlobalSection
	GlobalSection(NestedProjects) = preSolution
		{1BAFE5FC-B71C-45D8-A1C1-985ED26A6C76} = {3B26AFD5-886B-4A9A-9D1E-E554642D8E90}
	EndGlobalSection
	GlobalSection(ExtensibilityGlobals) = postSolution
		SolutionGuid = {0E2551FA-D4F8-4DCE-B320-0DC1D735FE07}
	EndGlobalSection
EndGlobal
